
Microsoft Visual Studio Solution File, Format Version 12.00
# Visual Studio Version 16
VisualStudioVersion = 16.0.30907.101
MinimumVisualStudioVersion = 10.0.40219.1
Project("{FAE04EC0-301F-11D3-BF4B-00C04F79EFBC}") = "RecapDemo", "RecapDemo\RecapDemo.csproj", "{056AB0AB-9CAA-433E-B910-08F27F482430}"
EndProject
Global
	GlobalSection(SolutionConfigurationPlatforms) = preSolution
		Debug|Any CPU = Debug|Any CPU
		Release|Any CPU = Release|Any CPU
	EndGlobalSection
	GlobalSection(ProjectConfigurationPlatforms) = postSolution
		{056AB0AB-9CAA-433E-B910-08F27F482430}.Debug|Any CPU.ActiveCfg = Debug|Any CPU
		{056AB0AB-9CAA-433E-B910-08F27F482430}.Debug|Any CPU.Build.0 = Debug|Any CPU
		{056AB0AB-9CAA-433E-B910-08F27F482430}.Release|Any CPU.ActiveCfg = Release|Any CPU
		{056AB0AB-9CAA-433E-B910-08F27F482430}.Release|Any CPU.Build.0 = Release|Any CPU
	EndGlobalSection
	GlobalSection(SolutionProperties) = preSolution
		HideSolutionNode = FALSE
	EndGlobalSection
	GlobalSection(ExtensibilityGlobals) = postSolution
		SolutionGuid = {3B533FA7-92F9-4934-BD75-73FBB4C9FDC0}
	EndGlobalSection
EndGlobal
